// !$*UTF8*$!
{
	archiveVersion = 1;
	classes = {
	};
	objectVersion = 56;
	objects = {

/* Begin PBXBuildFile section */
		1227843529B7FD6900ED7491 /* ChatGPTSwift in Frameworks */ = {isa = PBXBuildFile; productRef = 1227843429B7FD6900ED7491 /* ChatGPTSwift */; };
		1227843829B7FDDC00ED7491 /* ChatGPTService.swift in Sources */ = {isa = PBXBuildFile; fileRef = 1227843729B7FDDC00ED7491 /* ChatGPTService.swift */; };
		1227843B29B80D5800ED7491 /* DiaryWritingView.swift in Sources */ = {isa = PBXBuildFile; fileRef = 1227843A29B80D5800ED7491 /* DiaryWritingView.swift */; };
		1227843D29B80D6000ED7491 /* DiaryWritingCore.swift in Sources */ = {isa = PBXBuildFile; fileRef = 1227843C29B80D6000ED7491 /* DiaryWritingCore.swift */; };
		1227843F29B80ECD00ED7491 /* TrafficLightNavigationBar.swift in Sources */ = {isa = PBXBuildFile; fileRef = 1227843E29B80ECD00ED7491 /* TrafficLightNavigationBar.swift */; };
		1253CADB29C13EC9000781A5 /* Alamofire in Frameworks */ = {isa = PBXBuildFile; productRef = 1253CADA29C13EC9000781A5 /* Alamofire */; };
		1253CADD29C13ED1000781A5 /* Router.swift in Sources */ = {isa = PBXBuildFile; fileRef = 1253CADC29C13ED1000781A5 /* Router.swift */; };
		1253CADF29C13ED7000781A5 /* RouterManager.swift in Sources */ = {isa = PBXBuildFile; fileRef = 1253CADE29C13ED7000781A5 /* RouterManager.swift */; };
		1253CAE129C13EE4000781A5 /* BasicResponseDTO.swift in Sources */ = {isa = PBXBuildFile; fileRef = 1253CAE029C13EE4000781A5 /* BasicResponseDTO.swift */; };
		1253CAE329C13EFA000781A5 /* CustomChatGPTAPI.swift in Sources */ = {isa = PBXBuildFile; fileRef = 1253CAE229C13EFA000781A5 /* CustomChatGPTAPI.swift */; };
		1253CAE729C1400B000781A5 /* ErrorFactory.swift in Sources */ = {isa = PBXBuildFile; fileRef = 1253CAE629C1400B000781A5 /* ErrorFactory.swift */; };
		125EB8DC29B9AB7200D7877E /* HumanVerificationView.swift in Sources */ = {isa = PBXBuildFile; fileRef = 125EB8DB29B9AB7200D7877E /* HumanVerificationView.swift */; };
		125EB8DE29B9AB7B00D7877E /* HumanVerificationCore.swift in Sources */ = {isa = PBXBuildFile; fileRef = 125EB8DD29B9AB7B00D7877E /* HumanVerificationCore.swift */; };
		125EC07129B9BF13002834D0 /* ImageInfo.swift in Sources */ = {isa = PBXBuildFile; fileRef = 125EC07029B9BF13002834D0 /* ImageInfo.swift */; };
		12A7AFE629BFFBB900CA0324 /* SaveDiaryValue.swift in Sources */ = {isa = PBXBuildFile; fileRef = 12A7AFE529BFFBB900CA0324 /* SaveDiaryValue.swift */; };
		12CB44B029B73D1300FE53D1 /* trafficLightApp.swift in Sources */ = {isa = PBXBuildFile; fileRef = 12CB44AF29B73D1300FE53D1 /* trafficLightApp.swift */; };
		12CB44B429B73D1400FE53D1 /* Assets.xcassets in Resources */ = {isa = PBXBuildFile; fileRef = 12CB44B329B73D1400FE53D1 /* Assets.xcassets */; };
		12CB44BF29B73D3000FE53D1 /* DividerHorizontal.swift in Sources */ = {isa = PBXBuildFile; fileRef = 12CB44BE29B73D3000FE53D1 /* DividerHorizontal.swift */; };
		12CB44C329B73D3500FE53D1 /* Diary.swift in Sources */ = {isa = PBXBuildFile; fileRef = 12CB44C129B73D3500FE53D1 /* Diary.swift */; };
		12CB44C429B73D3500FE53D1 /* DiariesModel.swift in Sources */ = {isa = PBXBuildFile; fileRef = 12CB44C229B73D3500FE53D1 /* DiariesModel.swift */; };
		12CB44C729B73D4200FE53D1 /* UINavigationController+extensions.swift in Sources */ = {isa = PBXBuildFile; fileRef = 12CB44C629B73D4200FE53D1 /* UINavigationController+extensions.swift */; };
		12CB44CB29B73D4900FE53D1 /* DiaryListView.swift in Sources */ = {isa = PBXBuildFile; fileRef = 12CB44C929B73D4900FE53D1 /* DiaryListView.swift */; };
		12CB44CC29B73D4900FE53D1 /* DiaryListCore.swift in Sources */ = {isa = PBXBuildFile; fileRef = 12CB44CA29B73D4900FE53D1 /* DiaryListCore.swift */; };
		12CB44D029B73D4E00FE53D1 /* DiaryDetailCore.swift in Sources */ = {isa = PBXBuildFile; fileRef = 12CB44CE29B73D4E00FE53D1 /* DiaryDetailCore.swift */; };
		12CB44D129B73D4E00FE53D1 /* DiaryDetailView.swift in Sources */ = {isa = PBXBuildFile; fileRef = 12CB44CF29B73D4E00FE53D1 /* DiaryDetailView.swift */; };
		12CB44D729B73F5E00FE53D1 /* Preview Assets.xcassets in Resources */ = {isa = PBXBuildFile; fileRef = 12CB44D529B73F5E00FE53D1 /* Preview Assets.xcassets */; };
		12CB44DA29B73FC400FE53D1 /* LaunchScreen.storyboard in Resources */ = {isa = PBXBuildFile; fileRef = 12CB44D929B73FC400FE53D1 /* LaunchScreen.storyboard */; };
		12D3A19C29BACF0C00E1417F /* TrafficPopUp.swift in Sources */ = {isa = PBXBuildFile; fileRef = 12D3A19B29BACF0C00E1417F /* TrafficPopUp.swift */; };
		12E4DCB229C144680044D7D4 /* ChatGPTRequestDTO.swift in Sources */ = {isa = PBXBuildFile; fileRef = 12E4DCB129C144680044D7D4 /* ChatGPTRequestDTO.swift */; };
		12E4DCB529C1465D0044D7D4 /* ChatGPTResponseDTO.swift in Sources */ = {isa = PBXBuildFile; fileRef = 12E4DCB429C1465D0044D7D4 /* ChatGPTResponseDTO.swift */; };
		12E4DCB729C146FC0044D7D4 /* CustomChatGPTService.swift in Sources */ = {isa = PBXBuildFile; fileRef = 12E4DCB629C146FC0044D7D4 /* CustomChatGPTService.swift */; };
/* End PBXBuildFile section */

/* Begin PBXFileReference section */
		1227843729B7FDDC00ED7491 /* ChatGPTService.swift */ = {isa = PBXFileReference; lastKnownFileType = sourcecode.swift; path = ChatGPTService.swift; sourceTree = "<group>"; };
		1227843A29B80D5800ED7491 /* DiaryWritingView.swift */ = {isa = PBXFileReference; lastKnownFileType = sourcecode.swift; path = DiaryWritingView.swift; sourceTree = "<group>"; };
		1227843C29B80D6000ED7491 /* DiaryWritingCore.swift */ = {isa = PBXFileReference; lastKnownFileType = sourcecode.swift; path = DiaryWritingCore.swift; sourceTree = "<group>"; };
		1227843E29B80ECD00ED7491 /* TrafficLightNavigationBar.swift */ = {isa = PBXFileReference; lastKnownFileType = sourcecode.swift; path = TrafficLightNavigationBar.swift; sourceTree = "<group>"; };
		1253CADC29C13ED1000781A5 /* Router.swift */ = {isa = PBXFileReference; lastKnownFileType = sourcecode.swift; path = Router.swift; sourceTree = "<group>"; };
		1253CADE29C13ED7000781A5 /* RouterManager.swift */ = {isa = PBXFileReference; lastKnownFileType = sourcecode.swift; path = RouterManager.swift; sourceTree = "<group>"; };
		1253CAE029C13EE4000781A5 /* BasicResponseDTO.swift */ = {isa = PBXFileReference; lastKnownFileType = sourcecode.swift; path = BasicResponseDTO.swift; sourceTree = "<group>"; };
		1253CAE229C13EFA000781A5 /* CustomChatGPTAPI.swift */ = {isa = PBXFileReference; lastKnownFileType = sourcecode.swift; path = CustomChatGPTAPI.swift; sourceTree = "<group>"; };
		1253CAE629C1400B000781A5 /* ErrorFactory.swift */ = {isa = PBXFileReference; lastKnownFileType = sourcecode.swift; path = ErrorFactory.swift; sourceTree = "<group>"; };
		125EB8DB29B9AB7200D7877E /* HumanVerificationView.swift */ = {isa = PBXFileReference; lastKnownFileType = sourcecode.swift; path = HumanVerificationView.swift; sourceTree = "<group>"; };
		125EB8DD29B9AB7B00D7877E /* HumanVerificationCore.swift */ = {isa = PBXFileReference; lastKnownFileType = sourcecode.swift; path = HumanVerificationCore.swift; sourceTree = "<group>"; };
		125EC07029B9BF13002834D0 /* ImageInfo.swift */ = {isa = PBXFileReference; lastKnownFileType = sourcecode.swift; path = ImageInfo.swift; sourceTree = "<group>"; };
		12A7AFE529BFFBB900CA0324 /* SaveDiaryValue.swift */ = {isa = PBXFileReference; lastKnownFileType = sourcecode.swift; path = SaveDiaryValue.swift; sourceTree = "<group>"; };
		12CB44AC29B73D1300FE53D1 /* trafficLight.app */ = {isa = PBXFileReference; explicitFileType = wrapper.application; includeInIndex = 0; path = trafficLight.app; sourceTree = BUILT_PRODUCTS_DIR; };
		12CB44AF29B73D1300FE53D1 /* trafficLightApp.swift */ = {isa = PBXFileReference; lastKnownFileType = sourcecode.swift; path = trafficLightApp.swift; sourceTree = "<group>"; };
		12CB44B329B73D1400FE53D1 /* Assets.xcassets */ = {isa = PBXFileReference; lastKnownFileType = folder.assetcatalog; path = Assets.xcassets; sourceTree = "<group>"; };
		12CB44BE29B73D3000FE53D1 /* DividerHorizontal.swift */ = {isa = PBXFileReference; fileEncoding = 4; lastKnownFileType = sourcecode.swift; path = DividerHorizontal.swift; sourceTree = "<group>"; };
		12CB44C129B73D3500FE53D1 /* Diary.swift */ = {isa = PBXFileReference; fileEncoding = 4; lastKnownFileType = sourcecode.swift; path = Diary.swift; sourceTree = "<group>"; };
		12CB44C229B73D3500FE53D1 /* DiariesModel.swift */ = {isa = PBXFileReference; fileEncoding = 4; lastKnownFileType = sourcecode.swift; path = DiariesModel.swift; sourceTree = "<group>"; };
		12CB44C629B73D4200FE53D1 /* UINavigationController+extensions.swift */ = {isa = PBXFileReference; fileEncoding = 4; lastKnownFileType = sourcecode.swift; path = "UINavigationController+extensions.swift"; sourceTree = "<group>"; };
		12CB44C929B73D4900FE53D1 /* DiaryListView.swift */ = {isa = PBXFileReference; fileEncoding = 4; lastKnownFileType = sourcecode.swift; path = DiaryListView.swift; sourceTree = "<group>"; };
		12CB44CA29B73D4900FE53D1 /* DiaryListCore.swift */ = {isa = PBXFileReference; fileEncoding = 4; lastKnownFileType = sourcecode.swift; path = DiaryListCore.swift; sourceTree = "<group>"; };
		12CB44CE29B73D4E00FE53D1 /* DiaryDetailCore.swift */ = {isa = PBXFileReference; fileEncoding = 4; lastKnownFileType = sourcecode.swift; path = DiaryDetailCore.swift; sourceTree = "<group>"; };
		12CB44CF29B73D4E00FE53D1 /* DiaryDetailView.swift */ = {isa = PBXFileReference; fileEncoding = 4; lastKnownFileType = sourcecode.swift; path = DiaryDetailView.swift; sourceTree = "<group>"; };
		12CB44D529B73F5E00FE53D1 /* Preview Assets.xcassets */ = {isa = PBXFileReference; lastKnownFileType = folder.assetcatalog; path = "Preview Assets.xcassets"; sourceTree = "<group>"; };
		12CB44D929B73FC400FE53D1 /* LaunchScreen.storyboard */ = {isa = PBXFileReference; lastKnownFileType = file.storyboard; path = LaunchScreen.storyboard; sourceTree = "<group>"; };
		12D3A19B29BACF0C00E1417F /* TrafficPopUp.swift */ = {isa = PBXFileReference; lastKnownFileType = sourcecode.swift; path = TrafficPopUp.swift; sourceTree = "<group>"; };
		12E4DCB129C144680044D7D4 /* ChatGPTRequestDTO.swift */ = {isa = PBXFileReference; lastKnownFileType = sourcecode.swift; path = ChatGPTRequestDTO.swift; sourceTree = "<group>"; };
		12E4DCB429C1465D0044D7D4 /* ChatGPTResponseDTO.swift */ = {isa = PBXFileReference; lastKnownFileType = sourcecode.swift; path = ChatGPTResponseDTO.swift; sourceTree = "<group>"; };
		12E4DCB629C146FC0044D7D4 /* CustomChatGPTService.swift */ = {isa = PBXFileReference; lastKnownFileType = sourcecode.swift; path = CustomChatGPTService.swift; sourceTree = "<group>"; };
/* End PBXFileReference section */

/* Begin PBXFrameworksBuildPhase section */
		12CB44A929B73D1300FE53D1 /* Frameworks */ = {
			isa = PBXFrameworksBuildPhase;
			buildActionMask = 2147483647;
			files = (
				1227843529B7FD6900ED7491 /* ChatGPTSwift in Frameworks */,
				1253CADB29C13EC9000781A5 /* Alamofire in Frameworks */,
			);
			runOnlyForDeploymentPostprocessing = 0;
		};
/* End PBXFrameworksBuildPhase section */

/* Begin PBXGroup section */
		1227843629B7FDC500ED7491 /* Services */ = {
			isa = PBXGroup;
			children = (
				1253CAD729C13EA7000781A5 /* _Foundation */,
				1253CAD629C13E88000781A5 /* ChatGPT */,
			);
			path = Services;
			sourceTree = "<group>";
		};
		1227843929B80D4800ED7491 /* DiaryWriting */ = {
			isa = PBXGroup;
			children = (
				1227843A29B80D5800ED7491 /* DiaryWritingView.swift */,
				1227843C29B80D6000ED7491 /* DiaryWritingCore.swift */,
			);
			path = DiaryWriting;
			sourceTree = "<group>";
		};
		1253CAD529C13E2B000781A5 /* Scene */ = {
			isa = PBXGroup;
			children = (
				12CB44C829B73D4900FE53D1 /* DiaryList */,
				12CB44CD29B73D4E00FE53D1 /* DiaryDetail */,
				1227843929B80D4800ED7491 /* DiaryWriting */,
				125EB8DA29B9AADE00D7877E /* HumanVerification */,
			);
			path = Scene;
			sourceTree = "<group>";
		};
		1253CAD629C13E88000781A5 /* ChatGPT */ = {
			isa = PBXGroup;
			children = (
				1253CAE229C13EFA000781A5 /* CustomChatGPTAPI.swift */,
				12E4DCB629C146FC0044D7D4 /* CustomChatGPTService.swift */,
				1227843729B7FDDC00ED7491 /* ChatGPTService.swift */,
			);
			path = ChatGPT;
			sourceTree = "<group>";
		};
		1253CAD729C13EA7000781A5 /* _Foundation */ = {
			isa = PBXGroup;
			children = (
				1253CAD829C13EB2000781A5 /* Router */,
				1253CAE029C13EE4000781A5 /* BasicResponseDTO.swift */,
			);
			path = _Foundation;
			sourceTree = "<group>";
		};
		1253CAD829C13EB2000781A5 /* Router */ = {
			isa = PBXGroup;
			children = (
				1253CADC29C13ED1000781A5 /* Router.swift */,
				1253CADE29C13ED7000781A5 /* RouterManager.swift */,
			);
			path = Router;
			sourceTree = "<group>";
		};
		1253CAE429C13FD2000781A5 /* Common */ = {
			isa = PBXGroup;
			children = (
				1253CAE529C13FF9000781A5 /* ErrorHandling */,
				12CB44C529B73D4200FE53D1 /* Extensions */,
			);
			path = Common;
			sourceTree = "<group>";
		};
		1253CAE529C13FF9000781A5 /* ErrorHandling */ = {
			isa = PBXGroup;
			children = (
				1253CAE629C1400B000781A5 /* ErrorFactory.swift */,
			);
			path = ErrorHandling;
			sourceTree = "<group>";
		};
		125EB8DA29B9AADE00D7877E /* HumanVerification */ = {
			isa = PBXGroup;
			children = (
				125EB8DB29B9AB7200D7877E /* HumanVerificationView.swift */,
				125EB8DD29B9AB7B00D7877E /* HumanVerificationCore.swift */,
			);
			path = HumanVerification;
			sourceTree = "<group>";
		};
		125EB8DF29B9ABE800D7877E /* Source */ = {
			isa = PBXGroup;
			children = (
				1253CAD529C13E2B000781A5 /* Scene */,
				12CB44BD29B73D3000FE53D1 /* DesignSystem */,
				12CB44C029B73D3500FE53D1 /* Models */,
				1227843629B7FDC500ED7491 /* Services */,
				1253CAE429C13FD2000781A5 /* Common */,
			);
			path = Source;
			sourceTree = "<group>";
		};
		12CB44A329B73D1300FE53D1 = {
			isa = PBXGroup;
			children = (
				12CB44AE29B73D1300FE53D1 /* trafficLight */,
				12CB44AD29B73D1300FE53D1 /* Products */,
			);
			sourceTree = "<group>";
		};
		12CB44AD29B73D1300FE53D1 /* Products */ = {
			isa = PBXGroup;
			children = (
				12CB44AC29B73D1300FE53D1 /* trafficLight.app */,
			);
			name = Products;
			sourceTree = "<group>";
		};
		12CB44AE29B73D1300FE53D1 /* trafficLight */ = {
			isa = PBXGroup;
			children = (
				12CB44AF29B73D1300FE53D1 /* trafficLightApp.swift */,
				125EB8DF29B9ABE800D7877E /* Source */,
				12CB44D829B73FAD00FE53D1 /* Resource */,
				12CB44D629B73F5E00FE53D1 /* Preview Content */,
			);
			path = trafficLight;
			sourceTree = "<group>";
		};
		12CB44BD29B73D3000FE53D1 /* DesignSystem */ = {
			isa = PBXGroup;
			children = (
				12CB44BE29B73D3000FE53D1 /* DividerHorizontal.swift */,
				1227843E29B80ECD00ED7491 /* TrafficLightNavigationBar.swift */,
				12D3A19B29BACF0C00E1417F /* TrafficPopUp.swift */,
			);
			path = DesignSystem;
			sourceTree = "<group>";
		};
		12CB44C029B73D3500FE53D1 /* Models */ = {
			isa = PBXGroup;
			children = (
				12E4DCB029C144570044D7D4 /* ChatGPT */,
				12E4DCAE29C1443D0044D7D4 /* Diary */,
				12E4DCAF29C1444A0044D7D4 /* HumanVerification */,
			);
			path = Models;
			sourceTree = "<group>";
		};
		12CB44C529B73D4200FE53D1 /* Extensions */ = {
			isa = PBXGroup;
			children = (
				12CB44C629B73D4200FE53D1 /* UINavigationController+extensions.swift */,
			);
			path = Extensions;
			sourceTree = "<group>";
		};
		12CB44C829B73D4900FE53D1 /* DiaryList */ = {
			isa = PBXGroup;
			children = (
				12CB44C929B73D4900FE53D1 /* DiaryListView.swift */,
				12CB44CA29B73D4900FE53D1 /* DiaryListCore.swift */,
			);
			path = DiaryList;
			sourceTree = "<group>";
		};
		12CB44CD29B73D4E00FE53D1 /* DiaryDetail */ = {
			isa = PBXGroup;
			children = (
				12CB44CF29B73D4E00FE53D1 /* DiaryDetailView.swift */,
				12CB44CE29B73D4E00FE53D1 /* DiaryDetailCore.swift */,
			);
			path = DiaryDetail;
			sourceTree = "<group>";
		};
		12CB44D629B73F5E00FE53D1 /* Preview Content */ = {
			isa = PBXGroup;
			children = (
				12CB44D529B73F5E00FE53D1 /* Preview Assets.xcassets */,
			);
			path = "Preview Content";
			sourceTree = "<group>";
		};
		12CB44D829B73FAD00FE53D1 /* Resource */ = {
			isa = PBXGroup;
			children = (
				12CB44B329B73D1400FE53D1 /* Assets.xcassets */,
				12CB44D929B73FC400FE53D1 /* LaunchScreen.storyboard */,
			);
			path = Resource;
			sourceTree = "<group>";
		};
		12E4DCAE29C1443D0044D7D4 /* Diary */ = {
			isa = PBXGroup;
			children = (
				12CB44C129B73D3500FE53D1 /* Diary.swift */,
				12CB44C229B73D3500FE53D1 /* DiariesModel.swift */,
				12A7AFE529BFFBB900CA0324 /* SaveDiaryValue.swift */,
			);
			path = Diary;
			sourceTree = "<group>";
		};
		12E4DCAF29C1444A0044D7D4 /* HumanVerification */ = {
			isa = PBXGroup;
			children = (
				125EC07029B9BF13002834D0 /* ImageInfo.swift */,
			);
			path = HumanVerification;
			sourceTree = "<group>";
		};
		12E4DCB029C144570044D7D4 /* ChatGPT */ = {
			isa = PBXGroup;
			children = (
				12E4DCB129C144680044D7D4 /* ChatGPTRequestDTO.swift */,
				12E4DCB429C1465D0044D7D4 /* ChatGPTResponseDTO.swift */,
			);
			path = ChatGPT;
			sourceTree = "<group>";
		};
/* End PBXGroup section */

/* Begin PBXNativeTarget section */
		12CB44AB29B73D1300FE53D1 /* trafficLight */ = {
			isa = PBXNativeTarget;
			buildConfigurationList = 12CB44BA29B73D1400FE53D1 /* Build configuration list for PBXNativeTarget "trafficLight" */;
			buildPhases = (
				12CB44A829B73D1300FE53D1 /* Sources */,
				12CB44A929B73D1300FE53D1 /* Frameworks */,
				12CB44AA29B73D1300FE53D1 /* Resources */,
			);
			buildRules = (
			);
			dependencies = (
			);
			name = trafficLight;
			packageProductDependencies = (
				1227843429B7FD6900ED7491 /* ChatGPTSwift */,
				1253CADA29C13EC9000781A5 /* Alamofire */,
			);
			productName = trafficLight;
			productReference = 12CB44AC29B73D1300FE53D1 /* trafficLight.app */;
			productType = "com.apple.product-type.application";
		};
/* End PBXNativeTarget section */

/* Begin PBXProject section */
		12CB44A429B73D1300FE53D1 /* Project object */ = {
			isa = PBXProject;
			attributes = {
				BuildIndependentTargetsInParallel = 1;
				LastSwiftUpdateCheck = 1420;
				LastUpgradeCheck = 1420;
				TargetAttributes = {
					12CB44AB29B73D1300FE53D1 = {
						CreatedOnToolsVersion = 14.2;
					};
				};
			};
			buildConfigurationList = 12CB44A729B73D1300FE53D1 /* Build configuration list for PBXProject "trafficLight" */;
			compatibilityVersion = "Xcode 14.0";
			developmentRegion = en;
			hasScannedForEncodings = 0;
			knownRegions = (
				en,
				Base,
			);
			mainGroup = 12CB44A329B73D1300FE53D1;
			packageReferences = (
				1227843329B7FD6900ED7491 /* XCRemoteSwiftPackageReference "ChatGPTSwift" */,
				1253CAD929C13EC9000781A5 /* XCRemoteSwiftPackageReference "Alamofire" */,
			);
			productRefGroup = 12CB44AD29B73D1300FE53D1 /* Products */;
			projectDirPath = "";
			projectRoot = "";
			targets = (
				12CB44AB29B73D1300FE53D1 /* trafficLight */,
			);
		};
/* End PBXProject section */

/* Begin PBXResourcesBuildPhase section */
		12CB44AA29B73D1300FE53D1 /* Resources */ = {
			isa = PBXResourcesBuildPhase;
			buildActionMask = 2147483647;
			files = (
				12CB44DA29B73FC400FE53D1 /* LaunchScreen.storyboard in Resources */,
				12CB44D729B73F5E00FE53D1 /* Preview Assets.xcassets in Resources */,
				12CB44B429B73D1400FE53D1 /* Assets.xcassets in Resources */,
			);
			runOnlyForDeploymentPostprocessing = 0;
		};
/* End PBXResourcesBuildPhase section */

/* Begin PBXSourcesBuildPhase section */
		12CB44A829B73D1300FE53D1 /* Sources */ = {
			isa = PBXSourcesBuildPhase;
			buildActionMask = 2147483647;
			files = (
				1253CAE329C13EFA000781A5 /* CustomChatGPTAPI.swift in Sources */,
				12CB44D129B73D4E00FE53D1 /* DiaryDetailView.swift in Sources */,
				125EB8DC29B9AB7200D7877E /* HumanVerificationView.swift in Sources */,
				12E4DCB529C1465D0044D7D4 /* ChatGPTResponseDTO.swift in Sources */,
				12CB44C429B73D3500FE53D1 /* DiariesModel.swift in Sources */,
				12CB44D029B73D4E00FE53D1 /* DiaryDetailCore.swift in Sources */,
				12E4DCB729C146FC0044D7D4 /* CustomChatGPTService.swift in Sources */,
				12E4DCB229C144680044D7D4 /* ChatGPTRequestDTO.swift in Sources */,
				12CB44BF29B73D3000FE53D1 /* DividerHorizontal.swift in Sources */,
				1227843F29B80ECD00ED7491 /* TrafficLightNavigationBar.swift in Sources */,
				1253CADD29C13ED1000781A5 /* Router.swift in Sources */,
				12CB44C729B73D4200FE53D1 /* UINavigationController+extensions.swift in Sources */,
				12CB44CC29B73D4900FE53D1 /* DiaryListCore.swift in Sources */,
				12CB44B029B73D1300FE53D1 /* trafficLightApp.swift in Sources */,
				1253CADF29C13ED7000781A5 /* RouterManager.swift in Sources */,
				125EC07129B9BF13002834D0 /* ImageInfo.swift in Sources */,
				125EB8DE29B9AB7B00D7877E /* HumanVerificationCore.swift in Sources */,
				1253CAE729C1400B000781A5 /* ErrorFactory.swift in Sources */,
				1253CAE129C13EE4000781A5 /* BasicResponseDTO.swift in Sources */,
				1227843B29B80D5800ED7491 /* DiaryWritingView.swift in Sources */,
				12A7AFE629BFFBB900CA0324 /* SaveDiaryValue.swift in Sources */,
				12CB44CB29B73D4900FE53D1 /* DiaryListView.swift in Sources */,
				12CB44C329B73D3500FE53D1 /* Diary.swift in Sources */,
				12D3A19C29BACF0C00E1417F /* TrafficPopUp.swift in Sources */,
				1227843829B7FDDC00ED7491 /* ChatGPTService.swift in Sources */,
				1227843D29B80D6000ED7491 /* DiaryWritingCore.swift in Sources */,
			);
			runOnlyForDeploymentPostprocessing = 0;
		};
/* End PBXSourcesBuildPhase section */

/* Begin XCBuildConfiguration section */
		12CB44B829B73D1400FE53D1 /* Debug */ = {
			isa = XCBuildConfiguration;
			buildSettings = {
				ALWAYS_SEARCH_USER_PATHS = NO;
				CLANG_ANALYZER_NONNULL = YES;
				CLANG_ANALYZER_NUMBER_OBJECT_CONVERSION = YES_AGGRESSIVE;
				CLANG_CXX_LANGUAGE_STANDARD = "gnu++20";
				CLANG_ENABLE_MODULES = YES;
				CLANG_ENABLE_OBJC_ARC = YES;
				CLANG_ENABLE_OBJC_WEAK = YES;
				CLANG_WARN_BLOCK_CAPTURE_AUTORELEASING = YES;
				CLANG_WARN_BOOL_CONVERSION = YES;
				CLANG_WARN_COMMA = YES;
				CLANG_WARN_CONSTANT_CONVERSION = YES;
				CLANG_WARN_DEPRECATED_OBJC_IMPLEMENTATIONS = YES;
				CLANG_WARN_DIRECT_OBJC_ISA_USAGE = YES_ERROR;
				CLANG_WARN_DOCUMENTATION_COMMENTS = YES;
				CLANG_WARN_EMPTY_BODY = YES;
				CLANG_WARN_ENUM_CONVERSION = YES;
				CLANG_WARN_INFINITE_RECURSION = YES;
				CLANG_WARN_INT_CONVERSION = YES;
				CLANG_WARN_NON_LITERAL_NULL_CONVERSION = YES;
				CLANG_WARN_OBJC_IMPLICIT_RETAIN_SELF = YES;
				CLANG_WARN_OBJC_LITERAL_CONVERSION = YES;
				CLANG_WARN_OBJC_ROOT_CLASS = YES_ERROR;
				CLANG_WARN_QUOTED_INCLUDE_IN_FRAMEWORK_HEADER = YES;
				CLANG_WARN_RANGE_LOOP_ANALYSIS = YES;
				CLANG_WARN_STRICT_PROTOTYPES = YES;
				CLANG_WARN_SUSPICIOUS_MOVE = YES;
				CLANG_WARN_UNGUARDED_AVAILABILITY = YES_AGGRESSIVE;
				CLANG_WARN_UNREACHABLE_CODE = YES;
				CLANG_WARN__DUPLICATE_METHOD_MATCH = YES;
				COPY_PHASE_STRIP = NO;
				DEBUG_INFORMATION_FORMAT = dwarf;
				ENABLE_STRICT_OBJC_MSGSEND = YES;
				ENABLE_TESTABILITY = YES;
				GCC_C_LANGUAGE_STANDARD = gnu11;
				GCC_DYNAMIC_NO_PIC = NO;
				GCC_NO_COMMON_BLOCKS = YES;
				GCC_OPTIMIZATION_LEVEL = 0;
				GCC_PREPROCESSOR_DEFINITIONS = (
					"DEBUG=1",
					"$(inherited)",
				);
				GCC_WARN_64_TO_32_BIT_CONVERSION = YES;
				GCC_WARN_ABOUT_RETURN_TYPE = YES_ERROR;
				GCC_WARN_UNDECLARED_SELECTOR = YES;
				GCC_WARN_UNINITIALIZED_AUTOS = YES_AGGRESSIVE;
				GCC_WARN_UNUSED_FUNCTION = YES;
				GCC_WARN_UNUSED_VARIABLE = YES;
				IPHONEOS_DEPLOYMENT_TARGET = 16.2;
				MTL_ENABLE_DEBUG_INFO = INCLUDE_SOURCE;
				MTL_FAST_MATH = YES;
				ONLY_ACTIVE_ARCH = YES;
				SDKROOT = iphoneos;
				SWIFT_ACTIVE_COMPILATION_CONDITIONS = DEBUG;
				SWIFT_OPTIMIZATION_LEVEL = "-Onone";
			};
			name = Debug;
		};
		12CB44B929B73D1400FE53D1 /* Release */ = {
			isa = XCBuildConfiguration;
			buildSettings = {
				ALWAYS_SEARCH_USER_PATHS = NO;
				CLANG_ANALYZER_NONNULL = YES;
				CLANG_ANALYZER_NUMBER_OBJECT_CONVERSION = YES_AGGRESSIVE;
				CLANG_CXX_LANGUAGE_STANDARD = "gnu++20";
				CLANG_ENABLE_MODULES = YES;
				CLANG_ENABLE_OBJC_ARC = YES;
				CLANG_ENABLE_OBJC_WEAK = YES;
				CLANG_WARN_BLOCK_CAPTURE_AUTORELEASING = YES;
				CLANG_WARN_BOOL_CONVERSION = YES;
				CLANG_WARN_COMMA = YES;
				CLANG_WARN_CONSTANT_CONVERSION = YES;
				CLANG_WARN_DEPRECATED_OBJC_IMPLEMENTATIONS = YES;
				CLANG_WARN_DIRECT_OBJC_ISA_USAGE = YES_ERROR;
				CLANG_WARN_DOCUMENTATION_COMMENTS = YES;
				CLANG_WARN_EMPTY_BODY = YES;
				CLANG_WARN_ENUM_CONVERSION = YES;
				CLANG_WARN_INFINITE_RECURSION = YES;
				CLANG_WARN_INT_CONVERSION = YES;
				CLANG_WARN_NON_LITERAL_NULL_CONVERSION = YES;
				CLANG_WARN_OBJC_IMPLICIT_RETAIN_SELF = YES;
				CLANG_WARN_OBJC_LITERAL_CONVERSION = YES;
				CLANG_WARN_OBJC_ROOT_CLASS = YES_ERROR;
				CLANG_WARN_QUOTED_INCLUDE_IN_FRAMEWORK_HEADER = YES;
				CLANG_WARN_RANGE_LOOP_ANALYSIS = YES;
				CLANG_WARN_STRICT_PROTOTYPES = YES;
				CLANG_WARN_SUSPICIOUS_MOVE = YES;
				CLANG_WARN_UNGUARDED_AVAILABILITY = YES_AGGRESSIVE;
				CLANG_WARN_UNREACHABLE_CODE = YES;
				CLANG_WARN__DUPLICATE_METHOD_MATCH = YES;
				COPY_PHASE_STRIP = NO;
				DEBUG_INFORMATION_FORMAT = "dwarf-with-dsym";
				ENABLE_NS_ASSERTIONS = NO;
				ENABLE_STRICT_OBJC_MSGSEND = YES;
				GCC_C_LANGUAGE_STANDARD = gnu11;
				GCC_NO_COMMON_BLOCKS = YES;
				GCC_WARN_64_TO_32_BIT_CONVERSION = YES;
				GCC_WARN_ABOUT_RETURN_TYPE = YES_ERROR;
				GCC_WARN_UNDECLARED_SELECTOR = YES;
				GCC_WARN_UNINITIALIZED_AUTOS = YES_AGGRESSIVE;
				GCC_WARN_UNUSED_FUNCTION = YES;
				GCC_WARN_UNUSED_VARIABLE = YES;
				IPHONEOS_DEPLOYMENT_TARGET = 16.2;
				MTL_ENABLE_DEBUG_INFO = NO;
				MTL_FAST_MATH = YES;
				SDKROOT = iphoneos;
				SWIFT_COMPILATION_MODE = wholemodule;
				SWIFT_OPTIMIZATION_LEVEL = "-O";
				VALIDATE_PRODUCT = YES;
			};
			name = Release;
		};
		12CB44BB29B73D1400FE53D1 /* Debug */ = {
			isa = XCBuildConfiguration;
			buildSettings = {
				ASSETCATALOG_COMPILER_APPICON_NAME = AppIcon;
				ASSETCATALOG_COMPILER_GLOBAL_ACCENT_COLOR_NAME = AccentColor;
				CODE_SIGN_STYLE = Automatic;
				CURRENT_PROJECT_VERSION = 1;
				DEVELOPMENT_ASSET_PATHS = "\"trafficLight/Preview Content\"";
				ENABLE_PREVIEWS = YES;
				GENERATE_INFOPLIST_FILE = YES;
				INFOPLIST_FILE = trafficLight/Info.plist;
				INFOPLIST_KEY_UIApplicationSceneManifest_Generation = YES;
				INFOPLIST_KEY_UIApplicationSupportsIndirectInputEvents = YES;
				INFOPLIST_KEY_UILaunchStoryboardName = LaunchScreen;
				INFOPLIST_KEY_UISupportedInterfaceOrientations_iPad = "UIInterfaceOrientationPortrait UIInterfaceOrientationPortraitUpsideDown UIInterfaceOrientationLandscapeLeft UIInterfaceOrientationLandscapeRight";
				INFOPLIST_KEY_UISupportedInterfaceOrientations_iPhone = "UIInterfaceOrientationPortrait UIInterfaceOrientationLandscapeLeft UIInterfaceOrientationLandscapeRight";
				LD_RUNPATH_SEARCH_PATHS = (
					"$(inherited)",
					"@executable_path/Frameworks",
				);
				MARKETING_VERSION = 1.0;
				PRODUCT_BUNDLE_IDENTIFIER = com.green.trafficLight;
				PRODUCT_NAME = "$(TARGET_NAME)";
				SWIFT_EMIT_LOC_STRINGS = YES;
				SWIFT_VERSION = 5.0;
				TARGETED_DEVICE_FAMILY = "1,2";
			};
			name = Debug;
		};
		12CB44BC29B73D1400FE53D1 /* Release */ = {
			isa = XCBuildConfiguration;
			buildSettings = {
				ASSETCATALOG_COMPILER_APPICON_NAME = AppIcon;
				ASSETCATALOG_COMPILER_GLOBAL_ACCENT_COLOR_NAME = AccentColor;
				CODE_SIGN_STYLE = Automatic;
				CURRENT_PROJECT_VERSION = 1;
				DEVELOPMENT_ASSET_PATHS = "\"trafficLight/Preview Content\"";
				ENABLE_PREVIEWS = YES;
				GENERATE_INFOPLIST_FILE = YES;
				INFOPLIST_FILE = trafficLight/Info.plist;
				INFOPLIST_KEY_UIApplicationSceneManifest_Generation = YES;
				INFOPLIST_KEY_UIApplicationSupportsIndirectInputEvents = YES;
				INFOPLIST_KEY_UILaunchStoryboardName = LaunchScreen;
				INFOPLIST_KEY_UISupportedInterfaceOrientations_iPad = "UIInterfaceOrientationPortrait UIInterfaceOrientationPortraitUpsideDown UIInterfaceOrientationLandscapeLeft UIInterfaceOrientationLandscapeRight";
				INFOPLIST_KEY_UISupportedInterfaceOrientations_iPhone = "UIInterfaceOrientationPortrait UIInterfaceOrientationLandscapeLeft UIInterfaceOrientationLandscapeRight";
				LD_RUNPATH_SEARCH_PATHS = (
					"$(inherited)",
					"@executable_path/Frameworks",
				);
				MARKETING_VERSION = 1.0;
				PRODUCT_BUNDLE_IDENTIFIER = com.green.trafficLight;
				PRODUCT_NAME = "$(TARGET_NAME)";
				SWIFT_EMIT_LOC_STRINGS = YES;
				SWIFT_VERSION = 5.0;
				TARGETED_DEVICE_FAMILY = "1,2";
			};
			name = Release;
		};
/* End XCBuildConfiguration section */

/* Begin XCConfigurationList section */
		12CB44A729B73D1300FE53D1 /* Build configuration list for PBXProject "trafficLight" */ = {
			isa = XCConfigurationList;
			buildConfigurations = (
				12CB44B829B73D1400FE53D1 /* Debug */,
				12CB44B929B73D1400FE53D1 /* Release */,
			);
			defaultConfigurationIsVisible = 0;
			defaultConfigurationName = Release;
		};
		12CB44BA29B73D1400FE53D1 /* Build configuration list for PBXNativeTarget "trafficLight" */ = {
			isa = XCConfigurationList;
			buildConfigurations = (
				12CB44BB29B73D1400FE53D1 /* Debug */,
				12CB44BC29B73D1400FE53D1 /* Release */,
			);
			defaultConfigurationIsVisible = 0;
			defaultConfigurationName = Release;
		};
/* End XCConfigurationList section */

/* Begin XCRemoteSwiftPackageReference section */
		1227843329B7FD6900ED7491 /* XCRemoteSwiftPackageReference "ChatGPTSwift" */ = {
			isa = XCRemoteSwiftPackageReference;
			repositoryURL = "https://github.com/alfianlosari/ChatGPTSwift.git";
			requirement = {
				kind = upToNextMajorVersion;
				minimumVersion = 1.0.0;
			};
		};
		1253CAD929C13EC9000781A5 /* XCRemoteSwiftPackageReference "Alamofire" */ = {
			isa = XCRemoteSwiftPackageReference;
			repositoryURL = "https://github.com/Alamofire/Alamofire";
			requirement = {
				kind = upToNextMajorVersion;
				minimumVersion = 5.0.0;
			};
		};
/* End XCRemoteSwiftPackageReference section */

/* Begin XCSwiftPackageProductDependency section */
		1227843429B7FD6900ED7491 /* ChatGPTSwift */ = {
			isa = XCSwiftPackageProductDependency;
			package = 1227843329B7FD6900ED7491 /* XCRemoteSwiftPackageReference "ChatGPTSwift" */;
			productName = ChatGPTSwift;
		};
		1253CADA29C13EC9000781A5 /* Alamofire */ = {
			isa = XCSwiftPackageProductDependency;
			package = 1253CAD929C13EC9000781A5 /* XCRemoteSwiftPackageReference "Alamofire" */;
			productName = Alamofire;
		};
/* End XCSwiftPackageProductDependency section */
	};
	rootObject = 12CB44A429B73D1300FE53D1 /* Project object */;
}
